
Microsoft Visual Studio Solution File, Format Version 12.00
# Visual Studio Version 16
VisualStudioVersion = 16.0.31702.278
MinimumVisualStudioVersion = 10.0.40219.1
Project("{FAE04EC0-301F-11D3-BF4B-00C04F79EFBC}") = "code-camp-march-2022-assessment", "code-camp-march-2022-assessment\code-camp-march-2022-assessment.csproj", "{6C4D2AE6-2EAB-4078-BD8E-9F62F9358A84}"
EndProject
Global
	GlobalSection(SolutionConfigurationPlatforms) = preSolution
		Debug|Any CPU = Debug|Any CPU
		Release|Any CPU = Release|Any CPU
	EndGlobalSection
	GlobalSection(ProjectConfigurationPlatforms) = postSolution
		{6C4D2AE6-2EAB-4078-BD8E-9F62F9358A84}.Debug|Any CPU.ActiveCfg = Debug|Any CPU
		{6C4D2AE6-2EAB-4078-BD8E-9F62F9358A84}.Debug|Any CPU.Build.0 = Debug|Any CPU
		{6C4D2AE6-2EAB-4078-BD8E-9F62F9358A84}.Release|Any CPU.ActiveCfg = Release|Any CPU
		{6C4D2AE6-2EAB-4078-BD8E-9F62F9358A84}.Release|Any CPU.Build.0 = Release|Any CPU
	EndGlobalSection
	GlobalSection(SolutionProperties) = preSolution
		HideSolutionNode = FALSE
	EndGlobalSection
	GlobalSection(ExtensibilityGlobals) = postSolution
		SolutionGuid = {C409AB86-7F48-4524-8151-4BB9DC6DB39C}
	EndGlobalSection
EndGlobal
